
Microsoft Visual Studio Solution File, Format Version 12.00
# Visual Studio Version 17
VisualStudioVersion = 17.8.34330.188
MinimumVisualStudioVersion = 10.0.40219.1
Project("{FAE04EC0-301F-11D3-BF4B-00C04F79EFBC}") = "ShortestRemainingTimeNextAlgorithm", "ShortestRemainingTimeNextAlgorithm\ShortestRemainingTimeNextAlgorithm.csproj", "{AB54DA9B-A4CF-410A-AFD4-C68CFDC7590F}"
EndProject
Global
	GlobalSection(SolutionConfigurationPlatforms) = preSolution
		Debug|Any CPU = Debug|Any CPU
		Release|Any CPU = Release|Any CPU
	EndGlobalSection
	GlobalSection(ProjectConfigurationPlatforms) = postSolution
		{AB54DA9B-A4CF-410A-AFD4-C68CFDC7590F}.Debug|Any CPU.ActiveCfg = Debug|Any CPU
		{AB54DA9B-A4CF-410A-AFD4-C68CFDC7590F}.Debug|Any CPU.Build.0 = Debug|Any CPU
		{AB54DA9B-A4CF-410A-AFD4-C68CFDC7590F}.Release|Any CPU.ActiveCfg = Release|Any CPU
		{AB54DA9B-A4CF-410A-AFD4-C68CFDC7590F}.Release|Any CPU.Build.0 = Release|Any CPU
	EndGlobalSection
	GlobalSection(SolutionProperties) = preSolution
		HideSolutionNode = FALSE
	EndGlobalSection
	GlobalSection(ExtensibilityGlobals) = postSolution
		SolutionGuid = {C5A92A07-B430-4D20-8E49-DA230CEAEE31}
	EndGlobalSection
EndGlobal
